
Microsoft Visual Studio Solution File, Format Version 12.00
# Visual Studio Version 16
VisualStudioVersion = 16.0.31624.102
MinimumVisualStudioVersion = 10.0.40219.1
Project("{FAE04EC0-301F-11D3-BF4B-00C04F79EFBC}") = "ProductApi", "ProductApi\ProductApi.csproj", "{82E27DCA-B6CE-4ED6-8810-42159D2DC4CE}"
EndProject
Global
	GlobalSection(SolutionConfigurationPlatforms) = preSolution
		Debug|Any CPU = Debug|Any CPU
		Release|Any CPU = Release|Any CPU
	EndGlobalSection
	GlobalSection(ProjectConfigurationPlatforms) = postSolution
		{82E27DCA-B6CE-4ED6-8810-42159D2DC4CE}.Debug|Any CPU.ActiveCfg = Debug|Any CPU
		{82E27DCA-B6CE-4ED6-8810-42159D2DC4CE}.Debug|Any CPU.Build.0 = Debug|Any CPU
		{82E27DCA-B6CE-4ED6-8810-42159D2DC4CE}.Release|Any CPU.ActiveCfg = Release|Any CPU
		{82E27DCA-B6CE-4ED6-8810-42159D2DC4CE}.Release|Any CPU.Build.0 = Release|Any CPU
	EndGlobalSection
	GlobalSection(SolutionProperties) = preSolution
		HideSolutionNode = FALSE
	EndGlobalSection
	GlobalSection(ExtensibilityGlobals) = postSolution
		SolutionGuid = {EF13F55E-E476-4368-AB7C-8108037B3B89}
	EndGlobalSection
EndGlobal
